darlinggo.co/api v0.0.0-20201117043120-8f030ab31193 h1:Br92uB2bfZgS4h4A9GJ9QHsFZKUnJEtPUs13X/fspNI=
darlinggo.co/api v0.0.0-20201117043120-8f030ab31193/go.mod h1:10XfBJnTyg0qKhsQDVv6Z8YJqwEzf3pTFzB4K04mh3Q=
darlinggo.co/trout/v2 v2.0.1 h1:cMz/eXvf7n1kgDKBkCxoWMokfYLZtahTYAfQsOle1gE=
darlinggo.co/trout/v2 v2.0.1/go.mod h1:+qZ3FE0kpSBYFF8qQV8yGQ8SN600xQYpo37TrUZkWwo=
github.com/adjust/goautoneg v0.0.0-20150426214442-d788f35a0315 h1:zje9aPr1kQ5nKwjO5MC0S/jehRtNrjfYuLfFRWZH6kY=
github.com/adjust/goautoneg v0.0.0-20150426214442-d788f35a0315/go.mod h1:4U522XvlkqOY2AVBUM7ISHODDb6tdB+KAXfGaBDsWts=
github.com/google/uuid v1.0.0 h1:b4Gk+7WdP/d3HZH8EJsZpvV7EtDOgaZLtnaNGIu1adA=
github.com/google/uuid v1.0.0/go.mod h1:TIyPZe4MgqvfeYDBFedMoGGpEw/LqOeaOT+nhxU+yHo=
github.com/hashicorp/go-immutable-radix v1.3.0 h1:8exGP7ego3OmkfksihtSouGMZ+hQrhxx+FVELeXpVPE=
github.com/hashicorp/go-immutable-radix v1.3.0/go.mod h1:0y9vanUI8NX6FsYoO3zeMjhV/C5i9g4Q3DwcSNZ4P60=
github.com/hashicorp/go-memdb v1.3.0 h1:xdXq34gBOMEloa9rlGStLxmfX/dyIK8htOv36dQUwHU=
github.com/hashicorp/go-memdb v1.3.0/go.mod h1:Mluclgwib3R93Hk5fxEfiRhB+6Dar64wWh71LpNSe3g=
github.com/hashicorp/go-uuid v1.0.0 h1:RS8zrF7PhGwyNPOtxSClXXj9HA8feRnJzgnI1RJCSnM=
github.com/hashicorp/go-uuid v1.0.0/go.mod h1:6SBZvOh/SIDV7/2o3Jml5SYk/TvGqwFJ/bN7x4byOro=
github.com/hashicorp/golang-lru v0.5.0/go.mod h1:/m3WP610KZHVQ1SGc6re/UDhFvYD7pJ4Ao+sR/qLZy8=
github.com/hashicorp/golang-lru v0.5.4 h1:YDjusn29QI/Das2iO9M0BHnIbxPeyuCHsjMW+lJfyTc=
github.com/hashicorp/golang-lru v0.5.4/go.mod h1:iADmTwqILo4mZ8BN3D2Q6+9jd8WM5uGBxy+E8yxSoD4=
github.com/pborman/uuid v1.2.1 h1:+ZZIw58t/ozdjRaXh/3awHfmWRbzYxJoAdNJxe/3pvw=
github.com/pborman/uuid v1.2.1/go.mod h1:X/NO0urCmaxf9VXbdlT7C2Yzkj2IKimNn4k+gtPdI/k=
